
Microsoft Visual Studio Solution File, Format Version 12.00
# Visual Studio Version 17
VisualStudioVersion = 17.7.33808.371
MinimumVisualStudioVersion = 10.0.40219.1
Project("{FAE04EC0-301F-11D3-BF4B-00C04F79EFBC}") = "DynamoSoftware.Assignment.WebApi", "DynamoSoftware.Assignment.WebApi\DynamoSoftware.Assignment.WebApi.csproj", "{32DE2BB8-22D2-4E1F-9C23-F7EA66A9A913}"
EndProject
Project("{FAE04EC0-301F-11D3-BF4B-00C04F79EFBC}") = "DynamoSoftware.Assignment.Domain", "DynamoSoftware.Assignment.Domain\DynamoSoftware.Assignment.Domain.csproj", "{A3F02107-6877-46F2-9EE5-60AB8FC671E2}"
EndProject
Project("{FAE04EC0-301F-11D3-BF4B-00C04F79EFBC}") = "DynamoSoftware.Assignment.UnitTests", "DynamoSoftware.Assignment.UnitTests\DynamoSoftware.Assignment.UnitTests.csproj", "{2FA473CE-35F5-4A3B-B981-D52ECCCB244D}"
EndProject
Global
	GlobalSection(SolutionConfigurationPlatforms) = preSolution
		Debug|Any CPU = Debug|Any CPU
		Release|Any CPU = Release|Any CPU
	EndGlobalSection
	GlobalSection(ProjectConfigurationPlatforms) = postSolution
		{32DE2BB8-22D2-4E1F-9C23-F7EA66A9A913}.Debug|Any CPU.ActiveCfg = Debug|Any CPU
		{32DE2BB8-22D2-4E1F-9C23-F7EA66A9A913}.Debug|Any CPU.Build.0 = Debug|Any CPU
		{32DE2BB8-22D2-4E1F-9C23-F7EA66A9A913}.Release|Any CPU.ActiveCfg = Release|Any CPU
		{32DE2BB8-22D2-4E1F-9C23-F7EA66A9A913}.Release|Any CPU.Build.0 = Release|Any CPU
		{A3F02107-6877-46F2-9EE5-60AB8FC671E2}.Debug|Any CPU.ActiveCfg = Debug|Any CPU
		{A3F02107-6877-46F2-9EE5-60AB8FC671E2}.Debug|Any CPU.Build.0 = Debug|Any CPU
		{A3F02107-6877-46F2-9EE5-60AB8FC671E2}.Release|Any CPU.ActiveCfg = Release|Any CPU
		{A3F02107-6877-46F2-9EE5-60AB8FC671E2}.Release|Any CPU.Build.0 = Release|Any CPU
		{2FA473CE-35F5-4A3B-B981-D52ECCCB244D}.Debug|Any CPU.ActiveCfg = Debug|Any CPU
		{2FA473CE-35F5-4A3B-B981-D52ECCCB244D}.Debug|Any CPU.Build.0 = Debug|Any CPU
		{2FA473CE-35F5-4A3B-B981-D52ECCCB244D}.Release|Any CPU.ActiveCfg = Release|Any CPU
		{2FA473CE-35F5-4A3B-B981-D52ECCCB244D}.Release|Any CPU.Build.0 = Release|Any CPU
	EndGlobalSection
	GlobalSection(SolutionProperties) = preSolution
		HideSolutionNode = FALSE
	EndGlobalSection
	GlobalSection(ExtensibilityGlobals) = postSolution
		SolutionGuid = {2316BF70-E18A-4515-9757-39BBE3133B77}
	EndGlobalSection
EndGlobal
